
Microsoft Visual Studio Solution File, Format Version 12.00
# Visual Studio Version 16
VisualStudioVersion = 16.0.29424.173
MinimumVisualStudioVersion = 10.0.40219.1
Project("{2150E333-8FDC-42A3-9474-1A3956D46DE8}") = "Application", "Application", "{D7CF0668-A255-4431-88AC-9B5C70DBCAF5}"
EndProject
Project("{2150E333-8FDC-42A3-9474-1A3956D46DE8}") = "Domain", "Domain", "{4A95A21F-79BF-49B4-B559-7F14B440E748}"
EndProject
Project("{2150E333-8FDC-42A3-9474-1A3956D46DE8}") = "Infra.IoC", "Infra.IoC", "{41BCA40A-ED48-4817-AA73-2523214CEF2D}"
EndProject
Project("{2150E333-8FDC-42A3-9474-1A3956D46DE8}") = "Infra.Data", "Infra.Data", "{7317F00E-F001-4AC4-B863-8BED68B8672C}"
EndProject
Project("{2150E333-8FDC-42A3-9474-1A3956D46DE8}") = "Presentation", "Presentation", "{F09D9485-BC60-4BB2-8011-247D624DECAB}"
EndProject
Project("{9A19103F-16F7-4668-BE54-9A1E7A4F7556}") = "CleanArch.Mvc", "CleanArch.Mvc\CleanArch.Mvc.csproj", "{C6DC149B-54F6-4B6F-B440-5590BC1F3C39}"
EndProject
Project("{9A19103F-16F7-4668-BE54-9A1E7A4F7556}") = "CleanArch.Domain", "CleanArch.Domain\CleanArch.Domain.csproj", "{2FEF99EF-B5E9-4D62-A1D1-39944556EE53}"
EndProject
Project("{9A19103F-16F7-4668-BE54-9A1E7A4F7556}") = "CleanArch.Infra.Data", "CleanArch.Infra.Data\CleanArch.Infra.Data.csproj", "{5F3DEA9D-A5AC-4850-BAB0-D93F7952E5ED}"
EndProject
Project("{FAE04EC0-301F-11D3-BF4B-00C04F79EFBC}") = "CleanArch.Application", "CleanArch.Application\CleanArch.Application.csproj", "{2492D91E-80FB-4710-8506-79AA308ABAED}"
EndProject
Project("{FAE04EC0-301F-11D3-BF4B-00C04F79EFBC}") = "CleanArch.Infra.IoC", "CleanArch.Infra.IoC\CleanArch.Infra.IoC.csproj", "{67F21ABC-F50C-4F39-8FD6-C588011ACC4E}"
EndProject
Project("{2150E333-8FDC-42A3-9474-1A3956D46DE8}") = "Infra.Bus", "Infra.Bus", "{D4420A2A-9377-4043-B006-999F94358D9E}"
EndProject
Project("{2150E333-8FDC-42A3-9474-1A3956D46DE8}") = "Api", "Api", "{F587F035-C7F2-4C6E-966D-CD50CDA3B88E}"
EndProject
Project("{FAE04EC0-301F-11D3-BF4B-00C04F79EFBC}") = "CleanArch.Infra.Bus", "CleanArch.Infra.Bus\CleanArch.Infra.Bus.csproj", "{53FDB0C8-FEED-4E22-A27C-A9AE9B9B554A}"
EndProject
Project("{FAE04EC0-301F-11D3-BF4B-00C04F79EFBC}") = "CleanArch.Domain.Core", "CleanArch.Domain.Core\CleanArch.Domain.Core.csproj", "{E2D30019-8FB1-47AF-90B7-3EBABD3DA7F7}"
EndProject
Global
	GlobalSection(SolutionConfigurationPlatforms) = preSolution
		Debug|Any CPU = Debug|Any CPU
		Release|Any CPU = Release|Any CPU
	EndGlobalSection
	GlobalSection(ProjectConfigurationPlatforms) = postSolution
		{C6DC149B-54F6-4B6F-B440-5590BC1F3C39}.Debug|Any CPU.ActiveCfg = Debug|Any CPU
		{C6DC149B-54F6-4B6F-B440-5590BC1F3C39}.Debug|Any CPU.Build.0 = Debug|Any CPU
		{C6DC149B-54F6-4B6F-B440-5590BC1F3C39}.Release|Any CPU.ActiveCfg = Release|Any CPU
		{C6DC149B-54F6-4B6F-B440-5590BC1F3C39}.Release|Any CPU.Build.0 = Release|Any CPU
		{2FEF99EF-B5E9-4D62-A1D1-39944556EE53}.Debug|Any CPU.ActiveCfg = Debug|Any CPU
		{2FEF99EF-B5E9-4D62-A1D1-39944556EE53}.Debug|Any CPU.Build.0 = Debug|Any CPU
		{2FEF99EF-B5E9-4D62-A1D1-39944556EE53}.Release|Any CPU.ActiveCfg = Release|Any CPU
		{2FEF99EF-B5E9-4D62-A1D1-39944556EE53}.Release|Any CPU.Build.0 = Release|Any CPU
		{5F3DEA9D-A5AC-4850-BAB0-D93F7952E5ED}.Debug|Any CPU.ActiveCfg = Debug|Any CPU
		{5F3DEA9D-A5AC-4850-BAB0-D93F7952E5ED}.Debug|Any CPU.Build.0 = Debug|Any CPU
		{5F3DEA9D-A5AC-4850-BAB0-D93F7952E5ED}.Release|Any CPU.ActiveCfg = Release|Any CPU
		{5F3DEA9D-A5AC-4850-BAB0-D93F7952E5ED}.Release|Any CPU.Build.0 = Release|Any CPU
		{2492D91E-80FB-4710-8506-79AA308ABAED}.Debug|Any CPU.ActiveCfg = Debug|Any CPU
		{2492D91E-80FB-4710-8506-79AA308ABAED}.Debug|Any CPU.Build.0 = Debug|Any CPU
		{2492D91E-80FB-4710-8506-79AA308ABAED}.Release|Any CPU.ActiveCfg = Release|Any CPU
		{2492D91E-80FB-4710-8506-79AA308ABAED}.Release|Any CPU.Build.0 = Release|Any CPU
		{67F21ABC-F50C-4F39-8FD6-C588011ACC4E}.Debug|Any CPU.ActiveCfg = Debug|Any CPU
		{67F21ABC-F50C-4F39-8FD6-C588011ACC4E}.Debug|Any CPU.Build.0 = Debug|Any CPU
		{67F21ABC-F50C-4F39-8FD6-C588011ACC4E}.Release|Any CPU.ActiveCfg = Release|Any CPU
		{67F21ABC-F50C-4F39-8FD6-C588011ACC4E}.Release|Any CPU.Build.0 = Release|Any CPU
		{53FDB0C8-FEED-4E22-A27C-A9AE9B9B554A}.Debug|Any CPU.ActiveCfg = Debug|Any CPU
		{53FDB0C8-FEED-4E22-A27C-A9AE9B9B554A}.Debug|Any CPU.Build.0 = Debug|Any CPU
		{53FDB0C8-FEED-4E22-A27C-A9AE9B9B554A}.Release|Any CPU.ActiveCfg = Release|Any CPU
		{53FDB0C8-FEED-4E22-A27C-A9AE9B9B554A}.Release|Any CPU.Build.0 = Release|Any CPU
		{E2D30019-8FB1-47AF-90B7-3EBABD3DA7F7}.Debug|Any CPU.ActiveCfg = Debug|Any CPU
		{E2D30019-8FB1-47AF-90B7-3EBABD3DA7F7}.Debug|Any CPU.Build.0 = Debug|Any CPU
		{E2D30019-8FB1-47AF-90B7-3EBABD3DA7F7}.Release|Any CPU.ActiveCfg = Release|Any CPU
		{E2D30019-8FB1-47AF-90B7-3EBABD3DA7F7}.Release|Any CPU.Build.0 = Release|Any CPU
	EndGlobalSection
	GlobalSection(SolutionProperties) = preSolution
		HideSolutionNode = FALSE
	EndGlobalSection
	GlobalSection(NestedProjects) = preSolution
		{C6DC149B-54F6-4B6F-B440-5590BC1F3C39} = {F09D9485-BC60-4BB2-8011-247D624DECAB}
		{2FEF99EF-B5E9-4D62-A1D1-39944556EE53} = {4A95A21F-79BF-49B4-B559-7F14B440E748}
		{5F3DEA9D-A5AC-4850-BAB0-D93F7952E5ED} = {7317F00E-F001-4AC4-B863-8BED68B8672C}
		{2492D91E-80FB-4710-8506-79AA308ABAED} = {D7CF0668-A255-4431-88AC-9B5C70DBCAF5}
		{67F21ABC-F50C-4F39-8FD6-C588011ACC4E} = {41BCA40A-ED48-4817-AA73-2523214CEF2D}
		{53FDB0C8-FEED-4E22-A27C-A9AE9B9B554A} = {D4420A2A-9377-4043-B006-999F94358D9E}
		{E2D30019-8FB1-47AF-90B7-3EBABD3DA7F7} = {4A95A21F-79BF-49B4-B559-7F14B440E748}
	EndGlobalSection
	GlobalSection(ExtensibilityGlobals) = postSolution
		SolutionGuid = {77D0B328-2EDD-43D6-893B-57BA772E26C3}
	EndGlobalSection
EndGlobal
